Microsoft Visual Studio Solution File, Format Version 12.00
# Visual Studio Version 17
VisualStudioVersion = 17.9.34622.214
MinimumVisualStudioVersion = 10.0.40219.1
Project("{9A19103F-16F7-4668-BE54-9A1E7A4F7556}") = "ResumeRocketQuery.Api", "ResumeRocketQuery.Api\ResumeRocketQuery.Api.csproj", "{19D0D907-B030-4408-93D7-85A9220CCBF0}"
EndProject
Project("{9A19103F-16F7-4668-BE54-9A1E7A4F7556}") = "ResumeRocketQuery.Api.Tests", "ResumeRocketQuery.Api.Tests\ResumeRocketQuery.Api.Tests.csproj", "{C2185C38-B6DA-464D-9516-8AB168049023}"
EndProject
Project("{9A19103F-16F7-4668-BE54-9A1E7A4F7556}") = "ResumeRocketQuery.Domain", "ResumeRocketQuery.Domain\ResumeRocketQuery.Domain.csproj", "{24E0E7E8-1F77-4ED7-9815-C75E30791319}"
EndProject
Project("{9A19103F-16F7-4668-BE54-9A1E7A4F7556}") = "ResumeRocketQuery.Services", "ResumeRocketQuery.Services\ResumeRocketQuery.Services.csproj", "{E635CDD8-B564-4054-81A3-041787E48681}"
EndProject
Project("{9A19103F-16F7-4668-BE54-9A1E7A4F7556}") = "ResumeRocketQuery.Services.Tests", "ResumeRocketQuery.Services.Tests\ResumeRocketQuery.Services.Tests.csproj", "{CFA802CD-BBD4-4355-A549-98D5EC63B93C}"
EndProject
Project("{9A19103F-16F7-4668-BE54-9A1E7A4F7556}") = "ResumeRocketQuery.Tests", "ResumeRocketQuery.Tests\ResumeRocketQuery.Tests.csproj", "{42370ED0-1450-4F4E-A670-1E3102523C9F}"
EndProject
Project("{9A19103F-16F7-4668-BE54-9A1E7A4F7556}") = "ResumeRocketQuery.External", "ResumeRocketQuery.External\ResumeRocketQuery.External.csproj", "{4B2B3268-4E1F-4306-9DEE-F85A8C5A6A84}"
EndProject
Project("{9A19103F-16F7-4668-BE54-9A1E7A4F7556}") = "ResumeRocketQuery.External.Tests", "ResumeRocketQuery.External.Tests\ResumeRocketQuery.External.Tests.csproj", "{DED01952-5146-4ABB-A5EE-1902153AC20B}"
EndProject
Project("{FAE04EC0-301F-11D3-BF4B-00C04F79EFBC}") = "ResumeRocketQuery.DataLayer", "ResumeRocketQuery.DataLayer\ResumeRocketQuery.DataLayer.csproj", "{5110E169-AD5B-420E-8D15-1DE8E24EAB2A}"
EndProject
Project("{FAE04EC0-301F-11D3-BF4B-00C04F79EFBC}") = "ResumeRocketQuery.DataLayerIntegrationTests", "ResumeRocketQuery.DataLayerIntegrationTests\ResumeRocketQuery.DataLayerIntegrationTests.csproj", "{1F32EFC5-D879-42D9-831F-A189C66430E0}"
EndProject
Global
	GlobalSection(SolutionConfigurationPlatforms) = preSolution
		Debug|Any CPU = Debug|Any CPU
		Release|Any CPU = Release|Any CPU
	EndGlobalSection
	GlobalSection(ProjectConfigurationPlatforms) = postSolution
		{19D0D907-B030-4408-93D7-85A9220CCBF0}.Debug|Any CPU.ActiveCfg = Debug|Any CPU
		{19D0D907-B030-4408-93D7-85A9220CCBF0}.Debug|Any CPU.Build.0 = Debug|Any CPU
		{19D0D907-B030-4408-93D7-85A9220CCBF0}.Release|Any CPU.ActiveCfg = Release|Any CPU
		{19D0D907-B030-4408-93D7-85A9220CCBF0}.Release|Any CPU.Build.0 = Release|Any CPU
		{C2185C38-B6DA-464D-9516-8AB168049023}.Debug|Any CPU.ActiveCfg = Debug|Any CPU
		{C2185C38-B6DA-464D-9516-8AB168049023}.Debug|Any CPU.Build.0 = Debug|Any CPU
		{C2185C38-B6DA-464D-9516-8AB168049023}.Release|Any CPU.ActiveCfg = Release|Any CPU
		{C2185C38-B6DA-464D-9516-8AB168049023}.Release|Any CPU.Build.0 = Release|Any CPU
		{24E0E7E8-1F77-4ED7-9815-C75E30791319}.Debug|Any CPU.ActiveCfg = Debug|Any CPU
		{24E0E7E8-1F77-4ED7-9815-C75E30791319}.Debug|Any CPU.Build.0 = Debug|Any CPU
		{24E0E7E8-1F77-4ED7-9815-C75E30791319}.Release|Any CPU.ActiveCfg = Release|Any CPU
		{24E0E7E8-1F77-4ED7-9815-C75E30791319}.Release|Any CPU.Build.0 = Release|Any CPU
		{E635CDD8-B564-4054-81A3-041787E48681}.Debug|Any CPU.ActiveCfg = Debug|Any CPU
		{E635CDD8-B564-4054-81A3-041787E48681}.Debug|Any CPU.Build.0 = Debug|Any CPU
		{E635CDD8-B564-4054-81A3-041787E48681}.Release|Any CPU.ActiveCfg = Release|Any CPU
		{E635CDD8-B564-4054-81A3-041787E48681}.Release|Any CPU.Build.0 = Release|Any CPU
		{CFA802CD-BBD4-4355-A549-98D5EC63B93C}.Debug|Any CPU.ActiveCfg = Debug|Any CPU
		{CFA802CD-BBD4-4355-A549-98D5EC63B93C}.Debug|Any CPU.Build.0 = Debug|Any CPU
		{CFA802CD-BBD4-4355-A549-98D5EC63B93C}.Release|Any CPU.ActiveCfg = Release|Any CPU
		{CFA802CD-BBD4-4355-A549-98D5EC63B93C}.Release|Any CPU.Build.0 = Release|Any CPU
		{42370ED0-1450-4F4E-A670-1E3102523C9F}.Debug|Any CPU.ActiveCfg = Debug|Any CPU
		{42370ED0-1450-4F4E-A670-1E3102523C9F}.Debug|Any CPU.Build.0 = Debug|Any CPU
		{42370ED0-1450-4F4E-A670-1E3102523C9F}.Release|Any CPU.ActiveCfg = Release|Any CPU
		{42370ED0-1450-4F4E-A670-1E3102523C9F}.Release|Any CPU.Build.0 = Release|Any CPU
		{4B2B3268-4E1F-4306-9DEE-F85A8C5A6A84}.Debug|Any CPU.ActiveCfg = Debug|Any CPU
		{4B2B3268-4E1F-4306-9DEE-F85A8C5A6A84}.Debug|Any CPU.Build.0 = Debug|Any CPU
		{4B2B3268-4E1F-4306-9DEE-F85A8C5A6A84}.Release|Any CPU.ActiveCfg = Release|Any CPU
		{4B2B3268-4E1F-4306-9DEE-F85A8C5A6A84}.Release|Any CPU.Build.0 = Release|Any CPU
		{DED01952-5146-4ABB-A5EE-1902153AC20B}.Debug|Any CPU.ActiveCfg = Debug|Any CPU
		{DED01952-5146-4ABB-A5EE-1902153AC20B}.Debug|Any CPU.Build.0 = Debug|Any CPU
		{DED01952-5146-4ABB-A5EE-1902153AC20B}.Release|Any CPU.ActiveCfg = Release|Any CPU
		{DED01952-5146-4ABB-A5EE-1902153AC20B}.Release|Any CPU.Build.0 = Release|Any CPU
		{5110E169-AD5B-420E-8D15-1DE8E24EAB2A}.Debug|Any CPU.ActiveCfg = Debug|Any CPU
		{5110E169-AD5B-420E-8D15-1DE8E24EAB2A}.Debug|Any CPU.Build.0 = Debug|Any CPU
		{5110E169-AD5B-420E-8D15-1DE8E24EAB2A}.Release|Any CPU.ActiveCfg = Release|Any CPU
		{5110E169-AD5B-420E-8D15-1DE8E24EAB2A}.Release|Any CPU.Build.0 = Release|Any CPU
		{1F32EFC5-D879-42D9-831F-A189C66430E0}.Debug|Any CPU.ActiveCfg = Debug|Any CPU
		{1F32EFC5-D879-42D9-831F-A189C66430E0}.Debug|Any CPU.Build.0 = Debug|Any CPU
		{1F32EFC5-D879-42D9-831F-A189C66430E0}.Release|Any CPU.ActiveCfg = Release|Any CPU
		{1F32EFC5-D879-42D9-831F-A189C66430E0}.Release|Any CPU.Build.0 = Release|Any CPU
	EndGlobalSection
	GlobalSection(SolutionProperties) = preSolution
		HideSolutionNode = FALSE
	EndGlobalSection
	GlobalSection(ExtensibilityGlobals) = postSolution
		SolutionGuid = {6381665E-50BB-499C-A765-F49666763B88}
	EndGlobalSection
EndGlobal
